github.com/c2sp/wycheproof v0.0.0-20260105152342-fca0d3ba9f12 h1:C34LW7dhWgjAaAOdNB8z2UCyJsXDjC6UTILljHuqOlI=
github.com/c2sp/wycheproof v0.0.0-20260105152342-fca0d3ba9f12/go.mod h1:U1QjrC6KepOmtVmJn3QsKOTd9HliGr/da5afPEhLRnk=
github.com/google/go-cmp v0.7.0 h1:wk8382ETsv4JYUZwIsn6YpYiWiBsYLSJiTsyBybVuN8=
github.com/google/go-cmp v0.7.0/go.mod h1:pXiqmnSA92OHEEa9HXL2W4E7lf9JzCmGVUdgjX3N/iU=
github.com/tink-crypto/tink-go/v2 v2.8.0 h1:1zODq1bZDqOQdNPjhvwGYLDw9On7mDWPnQf+4xXlpAc=
github.com/tink-crypto/tink-go/v2 v2.8.0/go.mod h1:aNXZeyxjQU9iqAeARRNmbESXUW6Mao1HRCCTY8B1TFM=
golang.org/x/crypto v0.55.0 h1:+KWHjbgOaAQ66dh/YlkZKHlz9ZUlq61AFirAR9ntP8M=
golang.org/x/crypto v0.55.0/go.mod h1:uq0V9dE/fzQuJtbnL+2EhWOE63vo164FY8xqEnV9xis=
golang.org/x/sys v0.47.0 h1:o7XGOvZQCADBQQ4Y7VNq2dRWQR7JmOUW8Kxx4ZsNgWs=
golang.org/x/sys v0.47.0/go.mod h1:4GL1E5IUh+htKOUEOaiffhrAeqysfVGipDYzABqnCmw=
google.golang.org/protobuf v1.36.12 h1:pJOKDDOyeXErUroCihFAd5LQuwXBSpVnKGrj5o/fwxc=
google.golang.org/protobuf v1.36.12/go.mod h1:HTf+CrKn2C3g5S8VImy6tdcUvCska2kB7j23XfzDpco=
